
Microsoft Visual Studio Solution File, Format Version 12.00
# Visual Studio 2013
VisualStudioVersion = 12.0.31101.0
MinimumVisualStudioVersion = 10.0.40219.1
Project("{2150E333-8FDC-42A3-9474-1A3956D46DE8}") = "PublishScripts", "PublishScripts", "{85073A29-62E0-49A0-A858-ED2CA000DD15}"
	ProjectSection(SolutionItems) = preProject
		PublishScripts\AzureWebsitePublishModule.psm1 = PublishScripts\AzureWebsitePublishModule.psm1
		PublishScripts\Publish-WebApplicationWebsite.ps1 = PublishScripts\Publish-WebApplicationWebsite.ps1
	EndProjectSection
EndProject
Project("{2150E333-8FDC-42A3-9474-1A3956D46DE8}") = "Configurations", "Configurations", "{2FB7F150-1E17-4C0A-A57C-FB651739E42A}"
	ProjectSection(SolutionItems) = preProject
		PublishScripts\Configurations\ReadingList-WAWS-dev.json = PublishScripts\Configurations\ReadingList-WAWS-dev.json
	EndProjectSection
EndProject
Project("{2150E333-8FDC-42A3-9474-1A3956D46DE8}") = ".nuget", ".nuget", "{DA5D5C92-2525-4DCA-9B77-6235D2E288D1}"
	ProjectSection(SolutionItems) = preProject
		.nuget\NuGet.Config = .nuget\NuGet.Config
		.nuget\NuGet.exe = .nuget\NuGet.exe
		.nuget\NuGet.targets = .nuget\NuGet.targets
	EndProjectSection
EndProject
Project("{FAE04EC0-301F-11D3-BF4B-00C04F79EFBC}") = "ReadingListPlus.Tests", "ReadingListPlus.Tests\ReadingListPlus.Tests.csproj", "{80D7D3BB-D189-46FF-9E80-F53B5D15704C}"
EndProject
Project("{FAE04EC0-301F-11D3-BF4B-00C04F79EFBC}") = "ReadingListPlus", "ReadingListPlus\ReadingListPlus.csproj", "{2F5FAA65-D83A-47D4-ABEA-F2693DAE25A3}"
EndProject
Project("{FAE04EC0-301F-11D3-BF4B-00C04F79EFBC}") = "ReadingListPlus.Web", "ReadingListPlus.Web\ReadingListPlus.Web.csproj", "{1C82468E-77F8-44FA-BE30-DC56BE50B3CF}"
EndProject
Global
	GlobalSection(SolutionConfigurationPlatforms) = preSolution
		Debug|Any CPU = Debug|Any CPU
		Release|Any CPU = Release|Any CPU
	EndGlobalSection
	GlobalSection(ProjectConfigurationPlatforms) = postSolution
		{80D7D3BB-D189-46FF-9E80-F53B5D15704C}.Debug|Any CPU.ActiveCfg = Debug|Any CPU
		{80D7D3BB-D189-46FF-9E80-F53B5D15704C}.Debug|Any CPU.Build.0 = Debug|Any CPU
		{80D7D3BB-D189-46FF-9E80-F53B5D15704C}.Release|Any CPU.ActiveCfg = Release|Any CPU
		{80D7D3BB-D189-46FF-9E80-F53B5D15704C}.Release|Any CPU.Build.0 = Release|Any CPU
		{2F5FAA65-D83A-47D4-ABEA-F2693DAE25A3}.Debug|Any CPU.ActiveCfg = Debug|Any CPU
		{2F5FAA65-D83A-47D4-ABEA-F2693DAE25A3}.Debug|Any CPU.Build.0 = Debug|Any CPU
		{2F5FAA65-D83A-47D4-ABEA-F2693DAE25A3}.Release|Any CPU.ActiveCfg = Release|Any CPU
		{2F5FAA65-D83A-47D4-ABEA-F2693DAE25A3}.Release|Any CPU.Build.0 = Release|Any CPU
		{1C82468E-77F8-44FA-BE30-DC56BE50B3CF}.Debug|Any CPU.ActiveCfg = Debug|Any CPU
		{1C82468E-77F8-44FA-BE30-DC56BE50B3CF}.Debug|Any CPU.Build.0 = Debug|Any CPU
		{1C82468E-77F8-44FA-BE30-DC56BE50B3CF}.Release|Any CPU.ActiveCfg = Release|Any CPU
		{1C82468E-77F8-44FA-BE30-DC56BE50B3CF}.Release|Any CPU.Build.0 = Release|Any CPU
	EndGlobalSection
	GlobalSection(SolutionProperties) = preSolution
		HideSolutionNode = FALSE
	EndGlobalSection
	GlobalSection(NestedProjects) = preSolution
		{2FB7F150-1E17-4C0A-A57C-FB651739E42A} = {85073A29-62E0-49A0-A858-ED2CA000DD15}
	EndGlobalSection
EndGlobal
